
Microsoft Visual Studio Solution File, Format Version 12.00
# Visual Studio Version 17
VisualStudioVersion = 17.6.33801.468
MinimumVisualStudioVersion = 10.0.40219.1
Project("{FAE04EC0-301F-11D3-BF4B-00C04F79EFBC}") = "Azure.Deployment.FunctionApp", "Azure.Deployment.FunctionApp\Azure.Deployment.FunctionApp.csproj", "{8E6D87B2-0BAD-41B2-A94B-1F40DBC1B0F8}"
EndProject
Project("{2150E333-8FDC-42A3-9474-1A3956D46DE8}") = "Solution", "Solution", "{BDFEBDFA-7233-4070-A095-0B8633463D04}"
	ProjectSection(SolutionItems) = preProject
		azure-pipeline.yml = azure-pipeline.yml
	EndProjectSection
EndProject
Global
	GlobalSection(SolutionConfigurationPlatforms) = preSolution
		Debug|Any CPU = Debug|Any CPU
		Release|Any CPU = Release|Any CPU
	EndGlobalSection
	GlobalSection(ProjectConfigurationPlatforms) = postSolution
		{8E6D87B2-0BAD-41B2-A94B-1F40DBC1B0F8}.Debug|Any CPU.ActiveCfg = Debug|Any CPU
		{8E6D87B2-0BAD-41B2-A94B-1F40DBC1B0F8}.Debug|Any CPU.Build.0 = Debug|Any CPU
		{8E6D87B2-0BAD-41B2-A94B-1F40DBC1B0F8}.Release|Any CPU.ActiveCfg = Release|Any CPU
		{8E6D87B2-0BAD-41B2-A94B-1F40DBC1B0F8}.Release|Any CPU.Build.0 = Release|Any CPU
	EndGlobalSection
	GlobalSection(SolutionProperties) = preSolution
		HideSolutionNode = FALSE
	EndGlobalSection
	GlobalSection(ExtensibilityGlobals) = postSolution
		SolutionGuid = {93F68A06-18CB-45CD-A038-E0F928FBBC78}
	EndGlobalSection
EndGlobal
